
Microsoft Visual Studio Solution File, Format Version 12.00
# Visual Studio Version 17
VisualStudioVersion = 17.9.34607.119
MinimumVisualStudioVersion = 10.0.40219.1
Project("{9A19103F-16F7-4668-BE54-9A1E7A4F7556}") = "PoleproWpMediaRenamer", "PoleproWpMediaRenamer.csproj", "{3F73670E-CBD6-4214-804F-084AAF984A1C}"
EndProject
Global
	GlobalSection(SolutionConfigurationPlatforms) = preSolution
		Debug|Any CPU = Debug|Any CPU
		Release|Any CPU = Release|Any CPU
	EndGlobalSection
	GlobalSection(ProjectConfigurationPlatforms) = postSolution
		{3F73670E-CBD6-4214-804F-084AAF984A1C}.Debug|Any CPU.ActiveCfg = Debug|Any CPU
		{3F73670E-CBD6-4214-804F-084AAF984A1C}.Debug|Any CPU.Build.0 = Debug|Any CPU
		{3F73670E-CBD6-4214-804F-084AAF984A1C}.Release|Any CPU.ActiveCfg = Release|Any CPU
		{3F73670E-CBD6-4214-804F-084AAF984A1C}.Release|Any CPU.Build.0 = Release|Any CPU
	EndGlobalSection
	GlobalSection(SolutionProperties) = preSolution
		HideSolutionNode = FALSE
	EndGlobalSection
	GlobalSection(ExtensibilityGlobals) = postSolution
		SolutionGuid = {C69EA086-9932-4290-A2A7-F7A056688582}
	EndGlobalSection
EndGlobal
